// !$*UTF8*$!
{
	archiveVersion = 1;
	classes = {
	};
	objectVersion = 46;
	objects = {

/* Begin PBXBuildFile section */
		326404151DADD665003D1F20 /* main.m in Sources */ = {isa = PBXBuildFile; fileRef = 326404141DADD665003D1F20 /* main.m */; };
		326404181DADD665003D1F20 /* AppDelegate.m in Sources */ = {isa = PBXBuildFile; fileRef = 326404171DADD665003D1F20 /* AppDelegate.m */; };
		3264041B1DADD665003D1F20 /* ViewController.m in Sources */ = {isa = PBXBuildFile; fileRef = 3264041A1DADD665003D1F20 /* ViewController.m */; };
		3264041E1DADD665003D1F20 /* Main.storyboard in Resources */ = {isa = PBXBuildFile; fileRef = 3264041C1DADD665003D1F20 /* Main.storyboard */; };
		326404201DADD665003D1F20 /* Assets.xcassets in Resources */ = {isa = PBXBuildFile; fileRef = 3264041F1DADD665003D1F20 /* Assets.xcassets */; };
		326404231DADD665003D1F20 /* LaunchScreen.storyboard in Resources */ = {isa = PBXBuildFile; fileRef = 326404211DADD665003D1F20 /* LaunchScreen.storyboard */; };
		3264042E1DADD665003D1F20 /* NSTreadOperationTests.m in Sources */ = {isa = PBXBuildFile; fileRef = 3264042D1DADD665003D1F20 /* NSTreadOperationTests.m */; };
		326404391DADD665003D1F20 /* NSTreadOperationUITests.m in Sources */ = {isa = PBXBuildFile; fileRef = 326404381DADD665003D1F20 /* NSTreadOperationUITests.m */; };
		326404471DAE03B2003D1F20 /* sy_76623349543.jpg in Resources */ = {isa = PBXBuildFile; fileRef = 326404461DAE03B2003D1F20 /* sy_76623349543.jpg */; };
/* End PBXBuildFile section */

/* Begin PBXContainerItemProxy section */
		3264042A1DADD665003D1F20 /* PBXContainerItemProxy */ = {
			isa = PBXContainerItemProxy;
			containerPortal = 326404081DADD664003D1F20 /* Project object */;
			proxyType = 1;
			remoteGlobalIDString = 3264040F1DADD664003D1F20;
			remoteInfo = NSTreadOperation;
		};
		326404351DADD665003D1F20 /* PBXContainerItemProxy */ = {
			isa = PBXContainerItemProxy;
			containerPortal = 326404081DADD664003D1F20 /* Project object */;
			proxyType = 1;
			remoteGlobalIDString = 3264040F1DADD664003D1F20;
			remoteInfo = NSTreadOperation;
		};
/* End PBXContainerItemProxy section */

/* Begin PBXFileReference section */
		326404101DADD665003D1F20 /* NSTreadOperation.app */ = {isa = PBXFileReference; explicitFileType = wrapper.application; includeInIndex = 0; path = NSTreadOperation.app; sourceTree = BUILT_PRODUCTS_DIR; };
		326404141DADD665003D1F20 /* main.m */ = {isa = PBXFileReference; lastKnownFileType = sourcecode.c.objc; path = main.m; sourceTree = "<group>"; };
		326404161DADD665003D1F20 /* AppDelegate.h */ = {isa = PBXFileReference; lastKnownFileType = sourcecode.c.h; path = AppDelegate.h; sourceTree = "<group>"; };
		326404171DADD665003D1F20 /* AppDelegate.m */ = {isa = PBXFileReference; lastKnownFileType = sourcecode.c.objc; path = AppDelegate.m; sourceTree = "<group>"; };
		326404191DADD665003D1F20 /* ViewController.h */ = {isa = PBXFileReference; lastKnownFileType = sourcecode.c.h; path = ViewController.h; sourceTree = "<group>"; };
		3264041A1DADD665003D1F20 /* ViewController.m */ = {isa = PBXFileReference; lastKnownFileType = sourcecode.c.objc; path = ViewController.m; sourceTree = "<group>"; };
		3264041D1DADD665003D1F20 /* Base */ = {isa = PBXFileReference; lastKnownFileType = file.storyboard; name = Base; path = Base.lproj/Main.storyboard; sourceTree = "<group>"; };
		3264041F1DADD665003D1F20 /* Assets.xcassets */ = {isa = PBXFileReference; lastKnownFileType = folder.assetcatalog; path = Assets.xcassets; sourceTree = "<group>"; };
		326404221DADD665003D1F20 /* Base */ = {isa = PBXFileReference; lastKnownFileType = file.storyboard; name = Base; path = Base.lproj/LaunchScreen.storyboard; sourceTree = "<group>"; };
		326404241DADD665003D1F20 /* Info.plist */ = {isa = PBXFileReference; lastKnownFileType = text.plist.xml; path = Info.plist; sourceTree = "<group>"; };
		326404291DADD665003D1F20 /* NSTreadOperationTests.xctest */ = {isa = PBXFileReference; explicitFileType = wrapper.cfbundle; includeInIndex = 0; path = NSTreadOperationTests.xctest; sourceTree = BUILT_PRODUCTS_DIR; };
		3264042D1DADD665003D1F20 /* NSTreadOperationTests.m */ = {isa = PBXFileReference; lastKnownFileType = sourcecode.c.objc; path = NSTreadOperationTests.m; sourceTree = "<group>"; };
		3264042F1DADD665003D1F20 /* Info.plist */ = {isa = PBXFileReference; lastKnownFileType = text.plist.xml; path = Info.plist; sourceTree = "<group>"; };
		326404341DADD665003D1F20 /* NSTreadOperationUITests.xctest */ = {isa = PBXFileReference; explicitFileType = wrapper.cfbundle; includeInIndex = 0; path = NSTreadOperationUITests.xctest; sourceTree = BUILT_PRODUCTS_DIR; };
		326404381DADD665003D1F20 /* NSTreadOperationUITests.m */ = {isa = PBXFileReference; lastKnownFileType = sourcecode.c.objc; path = NSTreadOperationUITests.m; sourceTree = "<group>"; };
		3264043A1DADD665003D1F20 /* Info.plist */ = {isa = PBXFileReference; lastKnownFileType = text.plist.xml; path = Info.plist; sourceTree = "<group>"; };
		326404461DAE03B2003D1F20 /* sy_76623349543.jpg */ = {isa = PBXFileReference; lastKnownFileType = image.jpeg; path = sy_76623349543.jpg; sourceTree = "<group>"; };
/* End PBXFileReference section */

/* Begin PBXFrameworksBuildPhase section */
		3264040D1DADD664003D1F20 /* Frameworks */ = {
			isa = PBXFrameworksBuildPhase;
			buildActionMask = 2147483647;
			files = (
			);
			runOnlyForDeploymentPostprocessing = 0;
		};
		326404261DADD665003D1F20 /* Frameworks */ = {
			isa = PBXFrameworksBuildPhase;
			buildActionMask = 2147483647;
			files = (
			);
			runOnlyForDeploymentPostprocessing = 0;
		};
		326404311DADD665003D1F20 /* Frameworks */ = {
			isa = PBXFrameworksBuildPhase;
			buildActionMask = 2147483647;
			files = (
			);
			runOnlyForDeploymentPostprocessing = 0;
		};
/* End PBXFrameworksBuildPhase section */

/* Begin PBXGroup section */
		326404071DADD664003D1F20 = {
			isa = PBXGroup;
			children = (
				326404121DADD665003D1F20 /* NSTreadOperation */,
				3264042C1DADD665003D1F20 /* NSTreadOperationTests */,
				326404371DADD665003D1F20 /* NSTreadOperationUITests */,
				326404111DADD665003D1F20 /* Products */,
			);
			sourceTree = "<group>";
		};
		326404111DADD665003D1F20 /* Products */ = {
			isa = PBXGroup;
			children = (
				326404101DADD665003D1F20 /* NSTreadOperation.app */,
				326404291DADD665003D1F20 /* NSTreadOperationTests.xctest */,
				326404341DADD665003D1F20 /* NSTreadOperationUITests.xctest */,
			);
			name = Products;
			sourceTree = "<group>";
		};
		326404121DADD665003D1F20 /* NSTreadOperation */ = {
			isa = PBXGroup;
			children = (
				326404461DAE03B2003D1F20 /* sy_76623349543.jpg */,
				326404161DADD665003D1F20 /* AppDelegate.h */,
				326404171DADD665003D1F20 /* AppDelegate.m */,
				326404191DADD665003D1F20 /* ViewController.h */,
				3264041A1DADD665003D1F20 /* ViewController.m */,
				3264041C1DADD665003D1F20 /* Main.storyboard */,
				3264041F1DADD665003D1F20 /* Assets.xcassets */,
				326404211DADD665003D1F20 /* LaunchScreen.storyboard */,
				326404241DADD665003D1F20 /* Info.plist */,
				326404131DADD665003D1F20 /* Supporting Files */,
			);
			path = NSTreadOperation;
			sourceTree = "<group>";
		};
		326404131DADD665003D1F20 /* Supporting Files */ = {
			isa = PBXGroup;
			children = (
				326404141DADD665003D1F20 /* main.m */,
			);
			name = "Supporting Files";
			sourceTree = "<group>";
		};
		3264042C1DADD665003D1F20 /* NSTreadOperationTests */ = {
			isa = PBXGroup;
			children = (
				3264042D1DADD665003D1F20 /* NSTreadOperationTests.m */,
				3264042F1DADD665003D1F20 /* Info.plist */,
			);
			path = NSTreadOperationTests;
			sourceTree = "<group>";
		};
		326404371DADD665003D1F20 /* NSTreadOperationUITests */ = {
			isa = PBXGroup;
			children = (
				326404381DADD665003D1F20 /* NSTreadOperationUITests.m */,
				3264043A1DADD665003D1F20 /* Info.plist */,
			);
			path = NSTreadOperationUITests;
			sourceTree = "<group>";
		};
/* End PBXGroup section */

/* Begin PBXNativeTarget section */
		3264040F1DADD664003D1F20 /* NSTreadOperation */ = {
			isa = PBXNativeTarget;
			buildConfigurationList = 3264043D1DADD665003D1F20 /* Build configuration list for PBXNativeTarget "NSTreadOperation" */;
			buildPhases = (
				3264040C1DADD664003D1F20 /* Sources */,
				3264040D1DADD664003D1F20 /* Frameworks */,
				3264040E1DADD664003D1F20 /* Resources */,
			);
			buildRules = (
			);
			dependencies = (
			);
			name = NSTreadOperation;
			productName = NSTreadOperation;
			productReference = 326404101DADD665003D1F20 /* NSTreadOperation.app */;
			productType = "com.apple.product-type.application";
		};
		326404281DADD665003D1F20 /* NSTreadOperationTests */ = {
			isa = PBXNativeTarget;
			buildConfigurationList = 326404401DADD665003D1F20 /* Build configuration list for PBXNativeTarget "NSTreadOperationTests" */;
			buildPhases = (
				326404251DADD665003D1F20 /* Sources */,
				326404261DADD665003D1F20 /* Frameworks */,
				326404271DADD665003D1F20 /* Resources */,
			);
			buildRules = (
			);
			dependencies = (
				3264042B1DADD665003D1F20 /* PBXTargetDependency */,
			);
			name = NSTreadOperationTests;
			productName = NSTreadOperationTests;
			productReference = 326404291DADD665003D1F20 /* NSTreadOperationTests.xctest */;
			productType = "com.apple.product-type.bundle.unit-test";
		};
		326404331DADD665003D1F20 /* NSTreadOperationUITests */ = {
			isa = PBXNativeTarget;
			buildConfigurationList = 326404431DADD665003D1F20 /* Build configuration list for PBXNativeTarget "NSTreadOperationUITests" */;
			buildPhases = (
				326404301DADD665003D1F20 /* Sources */,
				326404311DADD665003D1F20 /* Frameworks */,
				326404321DADD665003D1F20 /* Resources */,
			);
			buildRules = (
			);
			dependencies = (
				326404361DADD665003D1F20 /* PBXTargetDependency */,
			);
			name = NSTreadOperationUITests;
			productName = NSTreadOperationUITests;
			productReference = 326404341DADD665003D1F20 /* NSTreadOperationUITests.xctest */;
			productType = "com.apple.product-type.bundle.ui-testing";
		};
/* End PBXNativeTarget section */

/* Begin PBXProject section */
		326404081DADD664003D1F20 /* Project object */ = {
			isa = PBXProject;
			attributes = {
				LastUpgradeCheck = 0800;
				ORGANIZATIONNAME = "刘松洪";
				TargetAttributes = {
					3264040F1DADD664003D1F20 = {
						CreatedOnToolsVersion = 8.0;
						DevelopmentTeam = K74UKU9UG7;
						ProvisioningStyle = Automatic;
					};
					326404281DADD665003D1F20 = {
						CreatedOnToolsVersion = 8.0;
						DevelopmentTeam = K74UKU9UG7;
						ProvisioningStyle = Automatic;
						TestTargetID = 3264040F1DADD664003D1F20;
					};
					326404331DADD665003D1F20 = {
						CreatedOnToolsVersion = 8.0;
						DevelopmentTeam = K74UKU9UG7;
						ProvisioningStyle = Automatic;
						TestTargetID = 3264040F1DADD664003D1F20;
					};
				};
			};
			buildConfigurationList = 3264040B1DADD664003D1F20 /* Build configuration list for PBXProject "NSTreadOperation" */;
			compatibilityVersion = "Xcode 3.2";
			developmentRegion = English;
			hasScannedForEncodings = 0;
			knownRegions = (
				en,
				Base,
			);
			mainGroup = 326404071DADD664003D1F20;
			productRefGroup = 326404111DADD665003D1F20 /* Products */;
			projectDirPath = "";
			projectRoot = "";
			targets = (
				3264040F1DADD664003D1F20 /* NSTreadOperation */,
				326404281DADD665003D1F20 /* NSTreadOperationTests */,
				326404331DADD665003D1F20 /* NSTreadOperationUITests */,
			);
		};
/* End PBXProject section */

/* Begin PBXResourcesBuildPhase section */
		3264040E1DADD664003D1F20 /* Resources */ = {
			isa = PBXResourcesBuildPhase;
			buildActionMask = 2147483647;
			files = (
				326404471DAE03B2003D1F20 /* sy_76623349543.jpg in Resources */,
				326404231DADD665003D1F20 /* LaunchScreen.storyboard in Resources */,
				326404201DADD665003D1F20 /* Assets.xcassets in Resources */,
				3264041E1DADD665003D1F20 /* Main.storyboard in Resources */,
			);
			runOnlyForDeploymentPostprocessing = 0;
		};
		326404271DADD665003D1F20 /* Resources */ = {
			isa = PBXResourcesBuildPhase;
			buildActionMask = 2147483647;
			files = (
			);
			runOnlyForDeploymentPostprocessing = 0;
		};
		326404321DADD665003D1F20 /* Resources */ = {
			isa = PBXResourcesBuildPhase;
			buildActionMask = 2147483647;
			files = (
			);
			runOnlyForDeploymentPostprocessing = 0;
		};
/* End PBXResourcesBuildPhase section */

/* Begin PBXSourcesBuildPhase section */
		3264040C1DADD664003D1F20 /* Sources */ = {
			isa = PBXSourcesBuildPhase;
			buildActionMask = 2147483647;
			files = (
				3264041B1DADD665003D1F20 /* ViewController.m in Sources */,
				326404181DADD665003D1F20 /* AppDelegate.m in Sources */,
				326404151DADD665003D1F20 /* main.m in Sources */,
			);
			runOnlyForDeploymentPostprocessing = 0;
		};
		326404251DADD665003D1F20 /* Sources */ = {
			isa = PBXSourcesBuildPhase;
			buildActionMask = 2147483647;
			files = (
				3264042E1DADD665003D1F20 /* NSTreadOperationTests.m in Sources */,
			);
			runOnlyForDeploymentPostprocessing = 0;
		};
		326404301DADD665003D1F20 /* Sources */ = {
			isa = PBXSourcesBuildPhase;
			buildActionMask = 2147483647;
			files = (
				326404391DADD665003D1F20 /* NSTreadOperationUITests.m in Sources */,
			);
			runOnlyForDeploymentPostprocessing = 0;
		};
/* End PBXSourcesBuildPhase section */

/* Begin PBXTargetDependency section */
		3264042B1DADD665003D1F20 /* PBXTargetDependency */ = {
			isa = PBXTargetDependency;
			target = 3264040F1DADD664003D1F20 /* NSTreadOperation */;
			targetProxy = 3264042A1DADD665003D1F20 /* PBXContainerItemProxy */;
		};
		326404361DADD665003D1F20 /* PBXTargetDependency */ = {
			isa = PBXTargetDependency;
			target = 3264040F1DADD664003D1F20 /* NSTreadOperation */;
			targetProxy = 326404351DADD665003D1F20 /* PBXContainerItemProxy */;
		};
/* End PBXTargetDependency section */

/* Begin PBXVariantGroup section */
		3264041C1DADD665003D1F20 /* Main.storyboard */ = {
			isa = PBXVariantGroup;
			children = (
				3264041D1DADD665003D1F20 /* Base */,
			);
			name = Main.storyboard;
			sourceTree = "<group>";
		};
		326404211DADD665003D1F20 /* LaunchScreen.storyboard */ = {
			isa = PBXVariantGroup;
			children = (
				326404221DADD665003D1F20 /* Base */,
			);
			name = LaunchScreen.storyboard;
			sourceTree = "<group>";
		};
/* End PBXVariantGroup section */

/* Begin XCBuildConfiguration section */
		3264043B1DADD665003D1F20 /* Debug */ = {
			isa = XCBuildConfiguration;
			buildSettings = {
				ALWAYS_SEARCH_USER_PATHS = NO;
				CLANG_ANALYZER_NONNULL = YES;
				CLANG_CXX_LANGUAGE_STANDARD = "gnu++0x";
				CLANG_CXX_LIBRARY = "libc++";
				CLANG_ENABLE_MODULES = YES;
				CLANG_ENABLE_OBJC_ARC = YES;
				CLANG_WARN_BOOL_CONVERSION = YES;
				CLANG_WARN_CONSTANT_CONVERSION = YES;
				CLANG_WARN_DIRECT_OBJC_ISA_USAGE = YES_ERROR;
				CLANG_WARN_DOCUMENTATION_COMMENTS = YES;
				CLANG_WARN_EMPTY_BODY = YES;
				CLANG_WARN_ENUM_CONVERSION = YES;
				CLANG_WARN_INFINITE_RECURSION = YES;
				CLANG_WARN_INT_CONVERSION = YES;
				CLANG_WARN_OBJC_ROOT_CLASS = YES_ERROR;
				CLANG_WARN_SUSPICIOUS_MOVES = YES;
				CLANG_WARN_UNREACHABLE_CODE = YES;
				CLANG_WARN__DUPLICATE_METHOD_MATCH = YES;
				"CODE_SIGN_IDENTITY[sdk=iphoneos*]" = "iPhone Developer";
				COPY_PHASE_STRIP = NO;
				DEBUG_INFORMATION_FORMAT = dwarf;
				ENABLE_STRICT_OBJC_MSGSEND = YES;
				ENABLE_TESTABILITY = YES;
				GCC_C_LANGUAGE_STANDARD = gnu99;
				GCC_DYNAMIC_NO_PIC = NO;
				GCC_NO_COMMON_BLOCKS = YES;
				GCC_OPTIMIZATION_LEVEL = 0;
				GCC_PREPROCESSOR_DEFINITIONS = (
					"DEBUG=1",
					"$(inherited)",
				);
				GCC_WARN_64_TO_32_BIT_CONVERSION = YES;
				GCC_WARN_ABOUT_RETURN_TYPE = YES_ERROR;
				GCC_WARN_UNDECLARED_SELECTOR = YES;
				GCC_WARN_UNINITIALIZED_AUTOS = YES_AGGRESSIVE;
				GCC_WARN_UNUSED_FUNCTION = YES;
				GCC_WARN_UNUSED_VARIABLE = YES;
				IPHONEOS_DEPLOYMENT_TARGET = 10.0;
				MTL_ENABLE_DEBUG_INFO = YES;
				ONLY_ACTIVE_ARCH = YES;
				SDKROOT = iphoneos;
				TARGETED_DEVICE_FAMILY = "1,2";
			};
			name = Debug;
		};
		3264043C1DADD665003D1F20 /* Release */ = {
			isa = XCBuildConfiguration;
			buildSettings = {
				ALWAYS_SEARCH_USER_PATHS = NO;
				CLANG_ANALYZER_NONNULL = YES;
				CLANG_CXX_LANGUAGE_STANDARD = "gnu++0x";
				CLANG_CXX_LIBRARY = "libc++";
				CLANG_ENABLE_MODULES = YES;
				CLANG_ENABLE_OBJC_ARC = YES;
				CLANG_WARN_BOOL_CONVERSION = YES;
				CLANG_WARN_CONSTANT_CONVERSION = YES;
				CLANG_WARN_DIRECT_OBJC_ISA_USAGE = YES_ERROR;
				CLANG_WARN_DOCUMENTATION_COMMENTS = YES;
				CLANG_WARN_EMPTY_BODY = YES;
				CLANG_WARN_ENUM_CONVERSION = YES;
				CLANG_WARN_INFINITE_RECURSION = YES;
				CLANG_WARN_INT_CONVERSION = YES;
				CLANG_WARN_OBJC_ROOT_CLASS = YES_ERROR;
				CLANG_WARN_SUSPICIOUS_MOVES = YES;
				CLANG_WARN_UNREACHABLE_CODE = YES;
				CLANG_WARN__DUPLICATE_METHOD_MATCH = YES;
				"CODE_SIGN_IDENTITY[sdk=iphoneos*]" = "iPhone Developer";
				COPY_PHASE_STRIP = NO;
				DEBUG_INFORMATION_FORMAT = "dwarf-with-dsym";
				ENABLE_NS_ASSERTIONS = NO;
				ENABLE_STRICT_OBJC_MSGSEND = YES;
				GCC_C_LANGUAGE_STANDARD = gnu99;
				GCC_NO_COMMON_BLOCKS = YES;
				GCC_WARN_64_TO_32_BIT_CONVERSION = YES;
				GCC_WARN_ABOUT_RETURN_TYPE = YES_ERROR;
				GCC_WARN_UNDECLARED_SELECTOR = YES;
				GCC_WARN_UNINITIALIZED_AUTOS = YES_AGGRESSIVE;
				GCC_WARN_UNUSED_FUNCTION = YES;
				GCC_WARN_UNUSED_VARIABLE = YES;
				IPHONEOS_DEPLOYMENT_TARGET = 10.0;
				MTL_ENABLE_DEBUG_INFO = NO;
				SDKROOT = iphoneos;
				TARGETED_DEVICE_FAMILY = "1,2";
				VALIDATE_PRODUCT = YES;
			};
			name = Release;
		};
		3264043E1DADD665003D1F20 /* Debug */ = {
			isa = XCBuildConfiguration;
			buildSettings = {
				ASSETCATALOG_COMPILER_APPICON_NAME = AppIcon;
				DEVELOPMENT_TEAM = K74UKU9UG7;
				INFOPLIST_FILE = NSTreadOperation/Info.plist;
				LD_RUNPATH_SEARCH_PATHS = "$(inherited) @executable_path/Frameworks";
				PRODUCT_BUNDLE_IDENTIFIER = com.lsh726..NSTreadOperation;
				PRODUCT_NAME = "$(TARGET_NAME)";
			};
			name = Debug;
		};
		3264043F1DADD665003D1F20 /* Release */ = {
			isa = XCBuildConfiguration;
			buildSettings = {
				ASSETCATALOG_COMPILER_APPICON_NAME = AppIcon;
				DEVELOPMENT_TEAM = K74UKU9UG7;
				INFOPLIST_FILE = NSTreadOperation/Info.plist;
				LD_RUNPATH_SEARCH_PATHS = "$(inherited) @executable_path/Frameworks";
				PRODUCT_BUNDLE_IDENTIFIER = com.lsh726..NSTreadOperation;
				PRODUCT_NAME = "$(TARGET_NAME)";
			};
			name = Release;
		};
		326404411DADD665003D1F20 /* Debug */ = {
			isa = XCBuildConfiguration;
			buildSettings = {
				BUNDLE_LOADER = "$(TEST_HOST)";
				DEVELOPMENT_TEAM = K74UKU9UG7;
				INFOPLIST_FILE = NSTreadOperationTests/Info.plist;
				LD_RUNPATH_SEARCH_PATHS = "$(inherited) @executable_path/Frameworks @loader_path/Frameworks";
				PRODUCT_BUNDLE_IDENTIFIER = com.lsh726..NSTreadOperationTests;
				PRODUCT_NAME = "$(TARGET_NAME)";
				TEST_HOST = "$(BUILT_PRODUCTS_DIR)/NSTreadOperation.app/NSTreadOperation";
			};
			name = Debug;
		};
		326404421DADD665003D1F20 /* Release */ = {
			isa = XCBuildConfiguration;
			buildSettings = {
				BUNDLE_LOADER = "$(TEST_HOST)";
				DEVELOPMENT_TEAM = K74UKU9UG7;
				INFOPLIST_FILE = NSTreadOperationTests/Info.plist;
				LD_RUNPATH_SEARCH_PATHS = "$(inherited) @executable_path/Frameworks @loader_path/Frameworks";
				PRODUCT_BUNDLE_IDENTIFIER = com.lsh726..NSTreadOperationTests;
				PRODUCT_NAME = "$(TARGET_NAME)";
				TEST_HOST = "$(BUILT_PRODUCTS_DIR)/NSTreadOperation.app/NSTreadOperation";
			};
			name = Release;
		};
		326404441DADD665003D1F20 /* Debug */ = {
			isa = XCBuildConfiguration;
			buildSettings = {
				DEVELOPMENT_TEAM = K74UKU9UG7;
				INFOPLIST_FILE = NSTreadOperationUITests/Info.plist;
				LD_RUNPATH_SEARCH_PATHS = "$(inherited) @executable_path/Frameworks @loader_path/Frameworks";
				PRODUCT_BUNDLE_IDENTIFIER = com.lsh726..NSTreadOperationUITests;
				PRODUCT_NAME = "$(TARGET_NAME)";
				TEST_TARGET_NAME = NSTreadOperation;
			};
			name = Debug;
		};
		326404451DADD665003D1F20 /* Release */ = {
			isa = XCBuildConfiguration;
			buildSettings = {
				DEVELOPMENT_TEAM = K74UKU9UG7;
				INFOPLIST_FILE = NSTreadOperationUITests/Info.plist;
				LD_RUNPATH_SEARCH_PATHS = "$(inherited) @executable_path/Frameworks @loader_path/Frameworks";
				PRODUCT_BUNDLE_IDENTIFIER = com.lsh726..NSTreadOperationUITests;
				PRODUCT_NAME = "$(TARGET_NAME)";
				TEST_TARGET_NAME = NSTreadOperation;
			};
			name = Release;
		};
/* End XCBuildConfiguration section */

/* Begin XCConfigurationList section */
		3264040B1DADD664003D1F20 /* Build configuration list for PBXProject "NSTreadOperation" */ = {
			isa = XCConfigurationList;
			buildConfigurations = (
				3264043B1DADD665003D1F20 /* Debug */,
				3264043C1DADD665003D1F20 /* Release */,
			);
			defaultConfigurationIsVisible = 0;
			defaultConfigurationName = Release;
		};
		3264043D1DADD665003D1F20 /* Build configuration list for PBXNativeTarget "NSTreadOperation" */ = {
			isa = XCConfigurationList;
			buildConfigurations = (
				3264043E1DADD665003D1F20 /* Debug */,
				3264043F1DADD665003D1F20 /* Release */,
			);
			defaultConfigurationIsVisible = 0;
		};
		326404401DADD665003D1F20 /* Build configuration list for PBXNativeTarget "NSTreadOperationTests" */ = {
			isa = XCConfigurationList;
			buildConfigurations = (
				326404411DADD665003D1F20 /* Debug */,
				326404421DADD665003D1F20 /* Release */,
			);
			defaultConfigurationIsVisible = 0;
		};
		326404431DADD665003D1F20 /* Build configuration list for PBXNativeTarget "NSTreadOperationUITests" */ = {
			isa = XCConfigurationList;
			buildConfigurations = (
				326404441DADD665003D1F20 /* Debug */,
				326404451DADD665003D1F20 /* Release */,
			);
			defaultConfigurationIsVisible = 0;
		};
/* End XCConfigurationList section */
	};
	rootObject = 326404081DADD664003D1F20 /* Project object */;
}
